
Microsoft Visual Studio Solution File, Format Version 12.00
# Visual Studio Version 18
VisualStudioVersion = 18.4.11626.88
MinimumVisualStudioVersion = 10.0.40219.1
Project("{FAE04EC0-301F-11D3-BF4B-00C04F79EFBC}") = "c2flux", "c2flux.csproj", "{928BF85D-AB00-5BFF-A251-D3D842650A95}"
EndProject
Project("{FAE04EC0-301F-11D3-BF4B-00C04F79EFBC}") = "NtfsReader", "Libraries\NtfsReader\NtfsReader.csproj", "{32C0C291-6729-0F8E-69F2-8FC21D351A65}"
EndProject
Global
	GlobalSection(SolutionConfigurationPlatforms) = preSolution
		Debug|Any CPU = Debug|Any CPU
		Release|Any CPU = Release|Any CPU
	EndGlobalSection
	GlobalSection(ProjectConfigurationPlatforms) = postSolution
		{928BF85D-AB00-5BFF-A251-D3D842650A95}.Debug|Any CPU.ActiveCfg = Debug|Any CPU
		{928BF85D-AB00-5BFF-A251-D3D842650A95}.Debug|Any CPU.Build.0 = Debug|Any CPU
		{928BF85D-AB00-5BFF-A251-D3D842650A95}.Release|Any CPU.ActiveCfg = Release|Any CPU
		{928BF85D-AB00-5BFF-A251-D3D842650A95}.Release|Any CPU.Build.0 = Release|Any CPU
		{32C0C291-6729-0F8E-69F2-8FC21D351A65}.Debug|Any CPU.ActiveCfg = Debug|Any CPU
		{32C0C291-6729-0F8E-69F2-8FC21D351A65}.Debug|Any CPU.Build.0 = Debug|Any CPU
		{32C0C291-6729-0F8E-69F2-8FC21D351A65}.Release|Any CPU.ActiveCfg = Release|Any CPU
		{32C0C291-6729-0F8E-69F2-8FC21D351A65}.Release|Any CPU.Build.0 = Release|Any CPU
	EndGlobalSection
	GlobalSection(SolutionProperties) = preSolution
		HideSolutionNode = FALSE
	EndGlobalSection
	GlobalSection(ExtensibilityGlobals) = postSolution
		SolutionGuid = {7902522D-330E-4FC6-8784-DE48AEF6E898}
	EndGlobalSection
EndGlobal
